
Microsoft Visual Studio Solution File, Format Version 12.00
# Visual Studio Version 17
VisualStudioVersion = 17.14.36603.0 d17.14
MinimumVisualStudioVersion = 10.0.40219.1
Project("{FAE04EC0-301F-11D3-BF4B-00C04F79EFBC}") = "WPS", "WPS\WPS.csproj", "{79BDB1AC-259D-498D-92E7-73C2B9398AA1}"
EndProject
Global
	GlobalSection(SolutionConfigurationPlatforms) = preSolution
		Debug|Any CPU = Debug|Any CPU
		Release|Any CPU = Release|Any CPU
	EndGlobalSection
	GlobalSection(ProjectConfigurationPlatforms) = postSolution
		{79BDB1AC-259D-498D-92E7-73C2B9398AA1}.Debug|Any CPU.ActiveCfg = Debug|Any CPU
		{79BDB1AC-259D-498D-92E7-73C2B9398AA1}.Debug|Any CPU.Build.0 = Debug|Any CPU
		{79BDB1AC-259D-498D-92E7-73C2B9398AA1}.Release|Any CPU.ActiveCfg = Release|Any CPU
		{79BDB1AC-259D-498D-92E7-73C2B9398AA1}.Release|Any CPU.Build.0 = Release|Any CPU
	EndGlobalSection
	GlobalSection(SolutionProperties) = preSolution
		HideSolutionNode = FALSE
	EndGlobalSection
	GlobalSection(ExtensibilityGlobals) = postSolution
		SolutionGuid = {A20DD66A-9F15-4643-AD68-A04728D008D2}
	EndGlobalSection
EndGlobal
